// !$*UTF8*$!
{
	archiveVersion = 1;
	classes = {
	};
	objectVersion = 46;
	objects = {

/* Begin PBXBuildFile section */
		E5041BCB1DDB53B6009E4078 /* AppDelegate.swift in Sources */ = {isa = PBXBuildFile; fileRef = E5041BCA1DDB53B6009E4078 /* AppDelegate.swift */; };
		E5041BCD1DDB53B6009E4078 /* ViewController.swift in Sources */ = {isa = PBXBuildFile; fileRef = E5041BCC1DDB53B6009E4078 /* ViewController.swift */; };
		E5041BD01DDB53B6009E4078 /* Main.storyboard in Resources */ = {isa = PBXBuildFile; fileRef = E5041BCE1DDB53B6009E4078 /* Main.storyboard */; };
		E5041BD21DDB53B6009E4078 /* Assets.xcassets in Resources */ = {isa = PBXBuildFile; fileRef = E5041BD11DDB53B6009E4078 /* Assets.xcassets */; };
		E5041BD51DDB53B6009E4078 /* LaunchScreen.storyboard in Resources */ = {isa = PBXBuildFile; fileRef = E5041BD31DDB53B6009E4078 /* LaunchScreen.storyboard */; };
		E5FE261C1DDD08D00071AC2E /* Secrets.swift in Sources */ = {isa = PBXBuildFile; fileRef = E5FE261B1DDD08D00071AC2E /* Secrets.swift */; };
/* End PBXBuildFile section */

/* Begin PBXFileReference section */
		E5041BC71DDB53B6009E4078 /* slackOAuth.app */ = {isa = PBXFileReference; explicitFileType = wrapper.application; includeInIndex = 0; path = slackOAuth.app; sourceTree = BUILT_PRODUCTS_DIR; };
		E5041BCA1DDB53B6009E4078 /* AppDelegate.swift */ = {isa = PBXFileReference; lastKnownFileType = sourcecode.swift; path = AppDelegate.swift; sourceTree = "<group>"; };
		E5041BCC1DDB53B6009E4078 /* ViewController.swift */ = {isa = PBXFileReference; lastKnownFileType = sourcecode.swift; path = ViewController.swift; sourceTree = "<group>"; };
		E5041BCF1DDB53B6009E4078 /* Base */ = {isa = PBXFileReference; lastKnownFileType = file.storyboard; name = Base; path = Base.lproj/Main.storyboard; sourceTree = "<group>"; };
		E5041BD11DDB53B6009E4078 /* Assets.xcassets */ = {isa = PBXFileReference; lastKnownFileType = folder.assetcatalog; path = Assets.xcassets; sourceTree = "<group>"; };
		E5041BD41DDB53B6009E4078 /* Base */ = {isa = PBXFileReference; lastKnownFileType = file.storyboard; name = Base; path = Base.lproj/LaunchScreen.storyboard; sourceTree = "<group>"; };
		E5041BD61DDB53B6009E4078 /* Info.plist */ = {isa = PBXFileReference; lastKnownFileType = text.plist.xml; path = Info.plist; sourceTree = "<group>"; };
		E5FE261B1DDD08D00071AC2E /* Secrets.swift */ = {isa = PBXFileReference; fileEncoding = 4; lastKnownFileType = sourcecode.swift; path = Secrets.swift; sourceTree = "<group>"; };
/* End PBXFileReference section */

/* Begin PBXFrameworksBuildPhase section */
		E5041BC41DDB53B6009E4078 /* Frameworks */ = {
			isa = PBXFrameworksBuildPhase;
			buildActionMask = 2147483647;
			files = (
			);
			runOnlyForDeploymentPostprocessing = 0;
		};
/* End PBXFrameworksBuildPhase section */

/* Begin PBXGroup section */
		E5041BBE1DDB53B6009E4078 = {
			isa = PBXGroup;
			children = (
				E5041BC91DDB53B6009E4078 /* slackOAuth */,
				E5041BC81DDB53B6009E4078 /* Products */,
			);
			sourceTree = "<group>";
		};
		E5041BC81DDB53B6009E4078 /* Products */ = {
			isa = PBXGroup;
			children = (
				E5041BC71DDB53B6009E4078 /* slackOAuth.app */,
			);
			name = Products;
			sourceTree = "<group>";
		};
		E5041BC91DDB53B6009E4078 /* slackOAuth */ = {
			isa = PBXGroup;
			children = (
				E5041BCA1DDB53B6009E4078 /* AppDelegate.swift */,
				E5041BCC1DDB53B6009E4078 /* ViewController.swift */,
				E5FE261B1DDD08D00071AC2E /* Secrets.swift */,
				E5041BCE1DDB53B6009E4078 /* Main.storyboard */,
				E5041BD11DDB53B6009E4078 /* Assets.xcassets */,
				E5041BD31DDB53B6009E4078 /* LaunchScreen.storyboard */,
				E5041BD61DDB53B6009E4078 /* Info.plist */,
			);
			path = slackOAuth;
			sourceTree = "<group>";
		};
/* End PBXGroup section */

/* Begin PBXNativeTarget section */
		E5041BC61DDB53B6009E4078 /* slackOAuth */ = {
			isa = PBXNativeTarget;
			buildConfigurationList = E5041BD91DDB53B6009E4078 /* Build configuration list for PBXNativeTarget "slackOAuth" */;
			buildPhases = (
				E5041BC31DDB53B6009E4078 /* Sources */,
				E5041BC41DDB53B6009E4078 /* Frameworks */,
				E5041BC51DDB53B6009E4078 /* Resources */,
			);
			buildRules = (
			);
			dependencies = (
			);
			name = slackOAuth;
			productName = slackOAuth;
			productReference = E5041BC71DDB53B6009E4078 /* slackOAuth.app */;
			productType = "com.apple.product-type.application";
		};
/* End PBXNativeTarget section */

/* Begin PBXProject section */
		E5041BBF1DDB53B6009E4078 /* Project object */ = {
			isa = PBXProject;
			attributes = {
				LastSwiftUpdateCheck = 0810;
				LastUpgradeCheck = 0810;
				ORGANIZATIONNAME = medvedev;
				TargetAttributes = {
					E5041BC61DDB53B6009E4078 = {
						CreatedOnToolsVersion = 8.1;
						DevelopmentTeam = CW3PN9C2T8;
						ProvisioningStyle = Automatic;
					};
				};
			};
			buildConfigurationList = E5041BC21DDB53B6009E4078 /* Build configuration list for PBXProject "slackOAuth" */;
			compatibilityVersion = "Xcode 3.2";
			developmentRegion = English;
			hasScannedForEncodings = 0;
			knownRegions = (
				en,
				Base,
			);
			mainGroup = E5041BBE1DDB53B6009E4078;
			productRefGroup = E5041BC81DDB53B6009E4078 /* Products */;
			projectDirPath = "";
			projectRoot = "";
			targets = (
				E5041BC61DDB53B6009E4078 /* slackOAuth */,
			);
		};
/* End PBXProject section */

/* Begin PBXResourcesBuildPhase section */
		E5041BC51DDB53B6009E4078 /* Resources */ = {
			isa = PBXResourcesBuildPhase;
			buildActionMask = 2147483647;
			files = (
				E5041BD51DDB53B6009E4078 /* LaunchScreen.storyboard in Resources */,
				E5041BD21DDB53B6009E4078 /* Assets.xcassets in Resources */,
				E5041BD01DDB53B6009E4078 /* Main.storyboard in Resources */,
			);
			runOnlyForDeploymentPostprocessing = 0;
		};
/* End PBXResourcesBuildPhase section */

/* Begin PBXSourcesBuildPhase section */
		E5041BC31DDB53B6009E4078 /* Sources */ = {
			isa = PBXSourcesBuildPhase;
			buildActionMask = 2147483647;
			files = (
				E5041BCD1DDB53B6009E4078 /* ViewController.swift in Sources */,
				E5FE261C1DDD08D00071AC2E /* Secrets.swift in Sources */,
				E5041BCB1DDB53B6009E4078 /* AppDelegate.swift in Sources */,
			);
			runOnlyForDeploymentPostprocessing = 0;
		};
/* End PBXSourcesBuildPhase section */

/* Begin PBXVariantGroup section */
		E5041BCE1DDB53B6009E4078 /* Main.storyboard */ = {
			isa = PBXVariantGroup;
			children = (
				E5041BCF1DDB53B6009E4078 /* Base */,
			);
			name = Main.storyboard;
			sourceTree = "<group>";
		};
		E5041BD31DDB53B6009E4078 /* LaunchScreen.storyboard */ = {
			isa = PBXVariantGroup;
			children = (
				E5041BD41DDB53B6009E4078 /* Base */,
			);
			name = LaunchScreen.storyboard;
			sourceTree = "<group>";
		};
/* End PBXVariantGroup section */

/* Begin XCBuildConfiguration section */
		E5041BD71DDB53B6009E4078 /* Debug */ = {
			isa = XCBuildConfiguration;
			buildSettings = {
				ALWAYS_SEARCH_USER_PATHS = NO;
				CLANG_ANALYZER_NONNULL = YES;
				CLANG_CXX_LANGUAGE_STANDARD = "gnu++0x";
				CLANG_CXX_LIBRARY = "libc++";
				CLANG_ENABLE_MODULES = YES;
				CLANG_ENABLE_OBJC_ARC = YES;
				CLANG_WARN_BOOL_CONVERSION = YES;
				CLANG_WARN_CONSTANT_CONVERSION = YES;
				CLANG_WARN_DIRECT_OBJC_ISA_USAGE = YES_ERROR;
				CLANG_WARN_DOCUMENTATION_COMMENTS = YES;
				CLANG_WARN_EMPTY_BODY = YES;
				CLANG_WARN_ENUM_CONVERSION = YES;
				CLANG_WARN_INFINITE_RECURSION = YES;
				CLANG_WARN_INT_CONVERSION = YES;
				CLANG_WARN_OBJC_ROOT_CLASS = YES_ERROR;
				CLANG_WARN_SUSPICIOUS_MOVES = YES;
				CLANG_WARN_UNREACHABLE_CODE = YES;
				CLANG_WARN__DUPLICATE_METHOD_MATCH = YES;
				"CODE_SIGN_IDENTITY[sdk=iphoneos*]" = "iPhone Developer";
				COPY_PHASE_STRIP = NO;
				DEBUG_INFORMATION_FORMAT = dwarf;
				ENABLE_STRICT_OBJC_MSGSEND = YES;
				ENABLE_TESTABILITY = YES;
				GCC_C_LANGUAGE_STANDARD = gnu99;
				GCC_DYNAMIC_NO_PIC = NO;
				GCC_NO_COMMON_BLOCKS = YES;
				GCC_OPTIMIZATION_LEVEL = 0;
				GCC_PREPROCESSOR_DEFINITIONS = (
					"DEBUG=1",
					"$(inherited)",
				);
				GCC_WARN_64_TO_32_BIT_CONVERSION = YES;
				GCC_WARN_ABOUT_RETURN_TYPE = YES_ERROR;
				GCC_WARN_UNDECLARED_SELECTOR = YES;
				GCC_WARN_UNINITIALIZED_AUTOS = YES_AGGRESSIVE;
				GCC_WARN_UNUSED_FUNCTION = YES;
				GCC_WARN_UNUSED_VARIABLE = YES;
				IPHONEOS_DEPLOYMENT_TARGET = 10.1;
				MTL_ENABLE_DEBUG_INFO = YES;
				ONLY_ACTIVE_ARCH = YES;
				SDKROOT = iphoneos;
				SWIFT_ACTIVE_COMPILATION_CONDITIONS = DEBUG;
				SWIFT_OPTIMIZATION_LEVEL = "-Onone";
			};
			name = Debug;
		};
		E5041BD81DDB53B6009E4078 /* Release */ = {
			isa = XCBuildConfiguration;
			buildSettings = {
				ALWAYS_SEARCH_USER_PATHS = NO;
				CLANG_ANALYZER_NONNULL = YES;
				CLANG_CXX_LANGUAGE_STANDARD = "gnu++0x";
				CLANG_CXX_LIBRARY = "libc++";
				CLANG_ENABLE_MODULES = YES;
				CLANG_ENABLE_OBJC_ARC = YES;
				CLANG_WARN_BOOL_CONVERSION = YES;
				CLANG_WARN_CONSTANT_CONVERSION = YES;
				CLANG_WARN_DIRECT_OBJC_ISA_USAGE = YES_ERROR;
				CLANG_WARN_DOCUMENTATION_COMMENTS = YES;
				CLANG_WARN_EMPTY_BODY = YES;
				CLANG_WARN_ENUM_CONVERSION = YES;
				CLANG_WARN_INFINITE_RECURSION = YES;
				CLANG_WARN_INT_CONVERSION = YES;
				CLANG_WARN_OBJC_ROOT_CLASS = YES_ERROR;
				CLANG_WARN_SUSPICIOUS_MOVES = YES;
				CLANG_WARN_UNREACHABLE_CODE = YES;
				CLANG_WARN__DUPLICATE_METHOD_MATCH = YES;
				"CODE_SIGN_IDENTITY[sdk=iphoneos*]" = "iPhone Developer";
				COPY_PHASE_STRIP = NO;
				DEBUG_INFORMATION_FORMAT = "dwarf-with-dsym";
				ENABLE_NS_ASSERTIONS = NO;
				ENABLE_STRICT_OBJC_MSGSEND = YES;
				GCC_C_LANGUAGE_STANDARD = gnu99;
				GCC_NO_COMMON_BLOCKS = YES;
				GCC_WARN_64_TO_32_BIT_CONVERSION = YES;
				GCC_WARN_ABOUT_RETURN_TYPE = YES_ERROR;
				GCC_WARN_UNDECLARED_SELECTOR = YES;
				GCC_WARN_UNINITIALIZED_AUTOS = YES_AGGRESSIVE;
				GCC_WARN_UNUSED_FUNCTION = YES;
				GCC_WARN_UNUSED_VARIABLE = YES;
				IPHONEOS_DEPLOYMENT_TARGET = 10.1;
				MTL_ENABLE_DEBUG_INFO = NO;
				SDKROOT = iphoneos;
				SWIFT_OPTIMIZATION_LEVEL = "-Owholemodule";
				VALIDATE_PRODUCT = YES;
			};
			name = Release;
		};
		E5041BDA1DDB53B6009E4078 /* Debug */ = {
			isa = XCBuildConfiguration;
			buildSettings = {
				ASSETCATALOG_COMPILER_APPICON_NAME = AppIcon;
				DEVELOPMENT_TEAM = CW3PN9C2T8;
				INFOPLIST_FILE = slackOAuth/Info.plist;
				LD_RUNPATH_SEARCH_PATHS = "$(inherited) @executable_path/Frameworks";
				PRODUCT_BUNDLE_IDENTIFIER = com.medvedev.slackOAuth;
				PRODUCT_NAME = "$(TARGET_NAME)";
				SWIFT_VERSION = 3.0;
			};
			name = Debug;
		};
		E5041BDB1DDB53B6009E4078 /* Release */ = {
			isa = XCBuildConfiguration;
			buildSettings = {
				ASSETCATALOG_COMPILER_APPICON_NAME = AppIcon;
				DEVELOPMENT_TEAM = CW3PN9C2T8;
				INFOPLIST_FILE = slackOAuth/Info.plist;
				LD_RUNPATH_SEARCH_PATHS = "$(inherited) @executable_path/Frameworks";
				PRODUCT_BUNDLE_IDENTIFIER = com.medvedev.slackOAuth;
				PRODUCT_NAME = "$(TARGET_NAME)";
				SWIFT_VERSION = 3.0;
			};
			name = Release;
		};
/* End XCBuildConfiguration section */

/* Begin XCConfigurationList section */
		E5041BC21DDB53B6009E4078 /* Build configuration list for PBXProject "slackOAuth" */ = {
			isa = XCConfigurationList;
			buildConfigurations = (
				E5041BD71DDB53B6009E4078 /* Debug */,
				E5041BD81DDB53B6009E4078 /* Release */,
			);
			defaultConfigurationIsVisible = 0;
			defaultConfigurationName = Release;
		};
		E5041BD91DDB53B6009E4078 /* Build configuration list for PBXNativeTarget "slackOAuth" */ = {
			isa = XCConfigurationList;
			buildConfigurations = (
				E5041BDA1DDB53B6009E4078 /* Debug */,
				E5041BDB1DDB53B6009E4078 /* Release */,
			);
			defaultConfigurationIsVisible = 0;
			defaultConfigurationName = Release;
		};
/* End XCConfigurationList section */
	};
	rootObject = E5041BBF1DDB53B6009E4078 /* Project object */;
}
